{
  "name": "iconfont-preview",
  "version": "0.0.1",
  "lockfileVersion": 3,
  "requires": true,
  "packages": {
    "": {
      "name": "iconfont-preview",
      "version": "0.0.1",
      "dependencies": {
        "fonteditor-core": "^2.1.11",
        "pako": "^2.1.0"
      },
      "devDependencies": {
        "@types/node": "^10.12.21",
        "@types/opentype.js": "^1.3.1",
        "@types/pako": "^2.0.0",
        "@types/vscode": "^1.51.0",
        "typescript": "^3.3.1"
      },
      "engines": {
        "vscode": "^1.51.0"
      }
    },
    "node_modules/@types/node": {
      "version": "10.17.60",
      "resolved": "https://registry.npmjs.org/@types/node/-/node-10.17.60.tgz",
      "integrity": "sha512-F0KIgDJfy2nA3zMLmWGKxcH2ZVEtCZXHHdOQs2gSaQ27+lNeEfGxzkIw90aXswATX7AZ33tahPbzy6KAfUreVw==",
      "dev": true
    },
    "node_modules/@types/opentype.js": {
      "version": "1.3.8",
      "resolved": "https://registry.npmjs.org/@types/opentype.js/-/opentype.js-1.3.8.tgz",
      "integrity": "sha512-H6qeTp03jrknklSn4bpT1/9+1xCAEIU2CnjcWPkicJy8A1SKuthanbvoHYMiv79/2W3Xn1XE4gfSJFzt2U3JSw==",
      "dev": true
    },
    "node_modules/@types/pako": {
      "version": "2.0.3",
      "resolved": "https://registry.npmjs.org/@types/pako/-/pako-2.0.3.tgz",
      "integrity": "sha512-bq0hMV9opAcrmE0Byyo0fY3Ew4tgOevJmQ9grUhpXQhYfyLJ1Kqg3P33JT5fdbT2AjeAjR51zqqVjAL/HMkx7Q==",
      "dev": true
    },
    "node_modules/@types/vscode": {
      "version": "1.88.0",
      "resolved": "https://registry.npmjs.org/@types/vscode/-/vscode-1.88.0.tgz",
      "integrity": "sha512-rWY+Bs6j/f1lvr8jqZTyp5arRMfovdxolcqGi+//+cPDOh8SBvzXH90e7BiSXct5HJ9HGW6jATchbRTpTJpEkw==",
      "dev": true
    },
    "node_modules/@xmldom/xmldom": {
      "version": "0.8.10",
      "resolved": "https://registry.npmjs.org/@xmldom/xmldom/-/xmldom-0.8.10.tgz",
      "integrity": "sha512-2WALfTl4xo2SkGCYRt6rDTFfk9R1czmBvUQy12gK2KuRKIpWEhcbbzy8EZXtz/jkRqHX8bFEc6FC1HjX4TUWYw==",
      "engines": {
        "node": ">=10.0.0"
      }
    },
    "node_modules/fonteditor-core": {
      "version": "2.3.3",
      "resolved": "https://registry.npmjs.org/fonteditor-core/-/fonteditor-core-2.3.3.tgz",
      "integrity": "sha512-T5qo2UdRe+CsU+PGNU5/jzVzzwksS3BlKOW/sI8uNO/uy6NtYcq4UxF/pK5JRGnxXcxddAy2oOZUSVZJU5NUIQ==",
      "dependencies": {
        "@xmldom/xmldom": "^0.8.3"
      }
    },
    "node_modules/pako": {
      "version": "2.1.0",
      "resolved": "https://registry.npmjs.org/pako/-/pako-2.1.0.tgz",
      "integrity": "sha512-w+eufiZ1WuJYgPXbV/PO3NCMEc3xqylkKHzp8bxp1uW4qaSNQUkwmLLEc3kKsfz8lpV1F8Ht3U1Cm+9Srog2ug=="
    },
    "node_modules/typescript": {
      "version": "3.9.10",
      "resolved": "https://registry.npmjs.org/typescript/-/typescript-3.9.10.tgz",
      "integrity": "sha512-w6fIxVE/H1PkLKcCPsFqKE7Kv7QUwhU8qQY2MueZXWx5cPZdwFupLgKK3vntcK98BtNHZtAF4LA/yl2a7k8R6Q==",
      "dev": true,
      "bin": {
        "tsc": "bin/tsc",
        "tsserver": "bin/tsserver"
      },
      "engines": {
        "node": ">=4.2.0"
      }
    }
  }
}
